
Microsoft Visual Studio Solution File, Format Version 12.00
# Visual Studio 15
VisualStudioVersion = 15.0.28010.2046
MinimumVisualStudioVersion = 10.0.40219.1
Project("{FAE04EC0-301F-11D3-BF4B-00C04F79EFBC}") = "Web", "Web\Web.csproj", "{00B13110-92F9-41B3-8B33-82E89E46E9AB}"
EndProject
Project("{FAE04EC0-301F-11D3-BF4B-00C04F79EFBC}") = "Data.Contracts", "Data.Contracts\Data.Contracts.csproj", "{10FBAEAC-02EF-4596-916A-A2749D86E26E}"
EndProject
Project("{FAE04EC0-301F-11D3-BF4B-00C04F79EFBC}") = "Data.Repositories", "Data.Repositories\Data.Repositories.csproj", "{DED2BCFD-9312-4369-B15C-8FE0B027BF64}"
EndProject
Project("{FAE04EC0-301F-11D3-BF4B-00C04F79EFBC}") = "Domain.Contracts", "Domain.Contracts\Domain.Contracts.csproj", "{E9936D00-8A94-4FA2-8496-00C9D3D8E2AB}"
EndProject
Project("{FAE04EC0-301F-11D3-BF4B-00C04F79EFBC}") = "Domain.Services", "Domain.Services\Domain.Services.csproj", "{9E735910-15C2-4AD5-ACC6-BF10C3A878BD}"
EndProject
Project("{FAE04EC0-301F-11D3-BF4B-00C04F79EFBC}") = "Infrastructure", "Infrastructure\Infrastructure.csproj", "{B326AA7F-F48C-4C76-B69A-91113FDC6D7F}"
EndProject
Global
	GlobalSection(SolutionConfigurationPlatforms) = preSolution
		Debug|Any CPU = Debug|Any CPU
		Release|Any CPU = Release|Any CPU
	EndGlobalSection
	GlobalSection(ProjectConfigurationPlatforms) = postSolution
		{00B13110-92F9-41B3-8B33-82E89E46E9AB}.Debug|Any CPU.ActiveCfg = Debug|Any CPU
		{00B13110-92F9-41B3-8B33-82E89E46E9AB}.Debug|Any CPU.Build.0 = Debug|Any CPU
		{00B13110-92F9-41B3-8B33-82E89E46E9AB}.Release|Any CPU.ActiveCfg = Release|Any CPU
		{00B13110-92F9-41B3-8B33-82E89E46E9AB}.Release|Any CPU.Build.0 = Release|Any CPU
		{10FBAEAC-02EF-4596-916A-A2749D86E26E}.Debug|Any CPU.ActiveCfg = Debug|Any CPU
		{10FBAEAC-02EF-4596-916A-A2749D86E26E}.Debug|Any CPU.Build.0 = Debug|Any CPU
		{10FBAEAC-02EF-4596-916A-A2749D86E26E}.Release|Any CPU.ActiveCfg = Release|Any CPU
		{10FBAEAC-02EF-4596-916A-A2749D86E26E}.Release|Any CPU.Build.0 = Release|Any CPU
		{DED2BCFD-9312-4369-B15C-8FE0B027BF64}.Debug|Any CPU.ActiveCfg = Debug|Any CPU
		{DED2BCFD-9312-4369-B15C-8FE0B027BF64}.Debug|Any CPU.Build.0 = Debug|Any CPU
		{DED2BCFD-9312-4369-B15C-8FE0B027BF64}.Release|Any CPU.ActiveCfg = Release|Any CPU
		{DED2BCFD-9312-4369-B15C-8FE0B027BF64}.Release|Any CPU.Build.0 = Release|Any CPU
		{E9936D00-8A94-4FA2-8496-00C9D3D8E2AB}.Debug|Any CPU.ActiveCfg = Debug|Any CPU
		{E9936D00-8A94-4FA2-8496-00C9D3D8E2AB}.Debug|Any CPU.Build.0 = Debug|Any CPU
		{E9936D00-8A94-4FA2-8496-00C9D3D8E2AB}.Release|Any CPU.ActiveCfg = Release|Any CPU
		{E9936D00-8A94-4FA2-8496-00C9D3D8E2AB}.Release|Any CPU.Build.0 = Release|Any CPU
		{9E735910-15C2-4AD5-ACC6-BF10C3A878BD}.Debug|Any CPU.ActiveCfg = Debug|Any CPU
		{9E735910-15C2-4AD5-ACC6-BF10C3A878BD}.Debug|Any CPU.Build.0 = Debug|Any CPU
		{9E735910-15C2-4AD5-ACC6-BF10C3A878BD}.Release|Any CPU.ActiveCfg = Release|Any CPU
		{9E735910-15C2-4AD5-ACC6-BF10C3A878BD}.Release|Any CPU.Build.0 = Release|Any CPU
		{B326AA7F-F48C-4C76-B69A-91113FDC6D7F}.Debug|Any CPU.ActiveCfg = Debug|Any CPU
		{B326AA7F-F48C-4C76-B69A-91113FDC6D7F}.Debug|Any CPU.Build.0 = Debug|Any CPU
		{B326AA7F-F48C-4C76-B69A-91113FDC6D7F}.Release|Any CPU.ActiveCfg = Release|Any CPU
		{B326AA7F-F48C-4C76-B69A-91113FDC6D7F}.Release|Any CPU.Build.0 = Release|Any CPU
	EndGlobalSection
	GlobalSection(SolutionProperties) = preSolution
		HideSolutionNode = FALSE
	EndGlobalSection
	GlobalSection(ExtensibilityGlobals) = postSolution
		SolutionGuid = {B1EAEC1E-09EB-418E-BC83-9FC7E734EAA4}
	EndGlobalSection
EndGlobal
