
Microsoft Visual Studio Solution File, Format Version 12.00
# Visual Studio 15
VisualStudioVersion = 15.0.28010.2046
MinimumVisualStudioVersion = 10.0.40219.1
Project("{FAE04EC0-301F-11D3-BF4B-00C04F79EFBC}") = "Canvas", "Canvas\Canvas.csproj", "{77A0F357-C092-423F-8ADC-E05E92637D60}"
EndProject
Global
	GlobalSection(SolutionConfigurationPlatforms) = preSolution
		Debug|Any CPU = Debug|Any CPU
		Release|Any CPU = Release|Any CPU
	EndGlobalSection
	GlobalSection(ProjectConfigurationPlatforms) = postSolution
		{77A0F357-C092-423F-8ADC-E05E92637D60}.Debug|Any CPU.ActiveCfg = Debug|Any CPU
		{77A0F357-C092-423F-8ADC-E05E92637D60}.Debug|Any CPU.Build.0 = Debug|Any CPU
		{77A0F357-C092-423F-8ADC-E05E92637D60}.Release|Any CPU.ActiveCfg = Release|Any CPU
		{77A0F357-C092-423F-8ADC-E05E92637D60}.Release|Any CPU.Build.0 = Release|Any CPU
	EndGlobalSection
	GlobalSection(SolutionProperties) = preSolution
		HideSolutionNode = FALSE
	EndGlobalSection
	GlobalSection(ExtensibilityGlobals) = postSolution
		SolutionGuid = {B9A1008F-0706-4F23-95F1-89BA8545F3B6}
	EndGlobalSection
EndGlobal
